
Microsoft Visual Studio Solution File, Format Version 12.00
# Visual Studio Version 16
VisualStudioVersion = 16.0.31729.503
MinimumVisualStudioVersion = 10.0.40219.1
Project("{FAE04EC0-301F-11D3-BF4B-00C04F79EFBC}") = "FileWatcherApp", "FileWatcherApp\FileWatcherApp.csproj", "{82D1AFEC-B113-43F2-93F7-A3F88E01FDAF}"
EndProject
Global
	GlobalSection(SolutionConfigurationPlatforms) = preSolution
		Debug|Any CPU = Debug|Any CPU
		Release|Any CPU = Release|Any CPU
	EndGlobalSection
	GlobalSection(ProjectConfigurationPlatforms) = postSolution
		{82D1AFEC-B113-43F2-93F7-A3F88E01FDAF}.Debug|Any CPU.ActiveCfg = Debug|Any CPU
		{82D1AFEC-B113-43F2-93F7-A3F88E01FDAF}.Debug|Any CPU.Build.0 = Debug|Any CPU
		{82D1AFEC-B113-43F2-93F7-A3F88E01FDAF}.Release|Any CPU.ActiveCfg = Release|Any CPU
		{82D1AFEC-B113-43F2-93F7-A3F88E01FDAF}.Release|Any CPU.Build.0 = Release|Any CPU
	EndGlobalSection
	GlobalSection(SolutionProperties) = preSolution
		HideSolutionNode = FALSE
	EndGlobalSection
	GlobalSection(ExtensibilityGlobals) = postSolution
		SolutionGuid = {1E971422-B4C4-495B-9F6F-672E1B6BFD8C}
	EndGlobalSection
EndGlobal
